
Microsoft Visual Studio Solution File, Format Version 12.00
# Visual Studio Version 17
VisualStudioVersion = 17.6.33723.286
MinimumVisualStudioVersion = 10.0.40219.1
Project("{9A19103F-16F7-4668-BE54-9A1E7A4F7556}") = "NeuralSpeak.Web", "NeuralSpeak.Web\NeuralSpeak.Web.csproj", "{FBC284BB-5294-4856-A570-67B456F9CEA0}"
EndProject
Global
	GlobalSection(SolutionConfigurationPlatforms) = preSolution
		Debug|Any CPU = Debug|Any CPU
		Release|Any CPU = Release|Any CPU
	EndGlobalSection
	GlobalSection(ProjectConfigurationPlatforms) = postSolution
		{FBC284BB-5294-4856-A570-67B456F9CEA0}.Debug|Any CPU.ActiveCfg = Debug|Any CPU
		{FBC284BB-5294-4856-A570-67B456F9CEA0}.Debug|Any CPU.Build.0 = Debug|Any CPU
		{FBC284BB-5294-4856-A570-67B456F9CEA0}.Release|Any CPU.ActiveCfg = Release|Any CPU
		{FBC284BB-5294-4856-A570-67B456F9CEA0}.Release|Any CPU.Build.0 = Release|Any CPU
	EndGlobalSection
	GlobalSection(SolutionProperties) = preSolution
		HideSolutionNode = FALSE
	EndGlobalSection
	GlobalSection(ExtensibilityGlobals) = postSolution
		SolutionGuid = {B65ACA9A-DC84-47AF-8364-91903AE8101B}
	EndGlobalSection
EndGlobal
